
Microsoft Visual Studio Solution File, Format Version 12.00
# Visual Studio Version 16
VisualStudioVersion = 16.0.30002.166
MinimumVisualStudioVersion = 10.0.40219.1
Project("{FAE04EC0-301F-11D3-BF4B-00C04F79EFBC}") = "ForDongusu", "ForDongusu\ForDongusu.csproj", "{2AA07241-D618-473B-92BE-21A8903D8BDF}"
EndProject
Global
	GlobalSection(SolutionConfigurationPlatforms) = preSolution
		Debug|Any CPU = Debug|Any CPU
		Release|Any CPU = Release|Any CPU
	EndGlobalSection
	GlobalSection(ProjectConfigurationPlatforms) = postSolution
		{2AA07241-D618-473B-92BE-21A8903D8BDF}.Debug|Any CPU.ActiveCfg = Debug|Any CPU
		{2AA07241-D618-473B-92BE-21A8903D8BDF}.Debug|Any CPU.Build.0 = Debug|Any CPU
		{2AA07241-D618-473B-92BE-21A8903D8BDF}.Release|Any CPU.ActiveCfg = Release|Any CPU
		{2AA07241-D618-473B-92BE-21A8903D8BDF}.Release|Any CPU.Build.0 = Release|Any CPU
	EndGlobalSection
	GlobalSection(SolutionProperties) = preSolution
		HideSolutionNode = FALSE
	EndGlobalSection
	GlobalSection(ExtensibilityGlobals) = postSolution
		SolutionGuid = {7ADCA837-6D7F-4EB0-8DD1-B75B906054A6}
	EndGlobalSection
EndGlobal
